<?xml version="1.0" encoding="utf-8"?>
<Project ToolsVersion="4.0" xmlns="http://schemas.microsoft.com/developer/msbuild/2003">
  <ItemGroup>
    <Filter Include="Source Files">
      <UniqueIdentifier>{4FC737F1-C7A5-4376-A066-2A32D752A2FF}</UniqueIdentifier>
      <Extensions>
      </Extensions>
    </Filter>
  </ItemGroup>
  <ItemGroup>
    <ClInclude Include="nanoev.h">
      <Filter>Source Files</Filter>
    </ClInclude>
    <ClInclude Include="nanoev_internal.h">
      <Filter>Source Files</Filter>
    </ClInclude>
  </ItemGroup>
  <ItemGroup>
    <ClCompile Include="nanoev_loop.c">
      <Filter>Source Files</Filter>
    </ClCompile>
    <ClCompile Include="nanoev_event.c">
      <Filter>Source Files</Filter>
    </ClCompile>
    <ClCompile Include="nanoev_lib.c">
      <Filter>Source Files</Filter>
    </ClCompile>
    <ClCompile Include="nanoev_misc.c">
      <Filter>Source Files</Filter>
    </ClCompile>
    <ClCompile Include="nanoev_async.c">
      <Filter>Source Files</Filter>
    </ClCompile>
    <ClCompile Include="nanoev_tcp.c">
      <Filter>Source Files</Filter>
    </ClCompile>
    <ClCompile Include="nanoev_timer.c">
      <Filter>Source Files</Filter>
    </ClCompile>
    <ClCompile Include="nanoev_udp.c">
      <Filter>Source Files</Filter>
    </ClCompile>
  </ItemGroup>
</Project>